# THIS IS AN AUTOGENERATED FILE. DO NOT EDIT THIS FILE DIRECTLY.
# yarn lockfile v1


node-diff3@^3.1.2:
  version "3.1.2"
  resolved "https://registry.yarnpkg.com/node-diff3/-/node-diff3-3.1.2.tgz#49df8d821dc9cbab87bfd6182171d90169613a97"
  integrity sha512-wUd9TWy059I8mZdH6G3LPNlAEfxDvXtn/RcyFrbqL3v34WlDxn+Mh4HDhOwWuaMk/ROVepe5tTpnGHbve6Db2g==
